
Microsoft Visual Studio Solution File, Format Version 12.00
# Visual Studio 15
VisualStudioVersion = 15.0.28010.2046
MinimumVisualStudioVersion = 10.0.40219.1
Project("{FAE04EC0-301F-11D3-BF4B-00C04F79EFBC}") = "Imagens", "Imagens\Imagens.csproj", "{2A907A75-C579-4BFF-981C-8E048804BBAA}"
EndProject
Global
	GlobalSection(SolutionConfigurationPlatforms) = preSolution
		Debug|Any CPU = Debug|Any CPU
		Release|Any CPU = Release|Any CPU
	EndGlobalSection
	GlobalSection(ProjectConfigurationPlatforms) = postSolution
		{2A907A75-C579-4BFF-981C-8E048804BBAA}.Debug|Any CPU.ActiveCfg = Debug|Any CPU
		{2A907A75-C579-4BFF-981C-8E048804BBAA}.Debug|Any CPU.Build.0 = Debug|Any CPU
		{2A907A75-C579-4BFF-981C-8E048804BBAA}.Release|Any CPU.ActiveCfg = Release|Any CPU
		{2A907A75-C579-4BFF-981C-8E048804BBAA}.Release|Any CPU.Build.0 = Release|Any CPU
	EndGlobalSection
	GlobalSection(SolutionProperties) = preSolution
		HideSolutionNode = FALSE
	EndGlobalSection
	GlobalSection(ExtensibilityGlobals) = postSolution
		SolutionGuid = {99680954-03AE-43F1-A6B8-5E4A56DFED50}
	EndGlobalSection
EndGlobal
